
Microsoft Visual Studio Solution File, Format Version 12.00
# Visual Studio Version 16
VisualStudioVersion = 16.0.30503.244
MinimumVisualStudioVersion = 15.0.26124.0
Project("{FAE04EC0-301F-11D3-BF4B-00C04F79EFBC}") = "AzDevOpsAuditingViewer", "AzDevopsAuditingViewer\AzDevOpsAuditingViewer.csproj", "{1082E25F-2BEB-478A-8EE7-31C50C1AB762}"
EndProject
Project("{2150E333-8FDC-42A3-9474-1A3956D46DE8}") = "Solution Items", "Solution Items", "{DC4135DF-F690-4780-9474-024C06FEAF73}"
	ProjectSection(SolutionItems) = preProject
		.gitignore = .gitignore
		azuredeploy.json = azuredeploy.json
		LICENSE = LICENSE
		README.md = README.md
	EndProjectSection
EndProject
Global
	GlobalSection(SolutionConfigurationPlatforms) = preSolution
		Debug|Any CPU = Debug|Any CPU
		Release|Any CPU = Release|Any CPU
	EndGlobalSection
	GlobalSection(ProjectConfigurationPlatforms) = postSolution
		{1082E25F-2BEB-478A-8EE7-31C50C1AB762}.Debug|Any CPU.ActiveCfg = Debug|Any CPU
		{1082E25F-2BEB-478A-8EE7-31C50C1AB762}.Debug|Any CPU.Build.0 = Debug|Any CPU
		{1082E25F-2BEB-478A-8EE7-31C50C1AB762}.Release|Any CPU.ActiveCfg = Release|Any CPU
		{1082E25F-2BEB-478A-8EE7-31C50C1AB762}.Release|Any CPU.Build.0 = Release|Any CPU
	EndGlobalSection
	GlobalSection(SolutionProperties) = preSolution
		HideSolutionNode = FALSE
	EndGlobalSection
	GlobalSection(ExtensibilityGlobals) = postSolution
		SolutionGuid = {350BA6E3-50E3-4215-9AA3-E8F18639D5ED}
	EndGlobalSection
EndGlobal
